# THIS IS AN AUTOGENERATED FILE. DO NOT EDIT THIS FILE DIRECTLY.
# yarn lockfile v1


inherits@2.0.3:
  version "2.0.3"
  resolved "https://registry.yarnpkg.com/inherits/-/inherits-2.0.3.tgz#633c2c83e3da42a502f52466022480f4208261de"
  integrity sha1-Yzwsg+PaQqUC9SRmAiSA9CCCYd4=

path@^0.12.7:
  version "0.12.7"
  resolved "https://registry.yarnpkg.com/path/-/path-0.12.7.tgz#d4dc2a506c4ce2197eb481ebfcd5b36c0140b10f"
  integrity sha1-1NwqUGxM4hl+tIHr/NWzbAFAsQ8=
  dependencies:
    process "^0.11.1"
    util "^0.10.3"

process@^0.11.1:
  version "0.11.10"
  resolved "https://registry.yarnpkg.com/process/-/process-0.11.10.tgz#7332300e840161bda3e69a1d1d91a7d4bc16f182"
  integrity sha1-czIwDoQBYb2j5podHZGn1LwW8YI=

semver@^5.5.0:
  version "5.7.1"
  resolved "https://registry.yarnpkg.com/semver/-/semver-5.7.1.tgz#a954f931aeba508d307bbf069eff0c01c96116f7"
  integrity sha512-sauaDf/PZdVgrLTNYHRtpXa1iRiKcaebiKQ1BJdpQlWH2lCvexQdX55snPFyK7QzpudqbCI0qXFfOasHdyNDGQ==

util@^0.10.3:
  version "0.10.4"
  resolved "https://registry.yarnpkg.com/util/-/util-0.10.4.tgz#3aa0125bfe668a4672de58857d3ace27ecb76901"
  integrity sha512-0Pm9hTQ3se5ll1XihRic3FDIku70C+iHUdT/W926rSgHV5QgXsYbKZN8MSC3tJtSkhuROzvsQjAaFENRXr+19A==
  dependencies:
    inherits "2.0.3"

vscode-jsonrpc@^4.0.0:
  version "4.0.0"
  resolved "https://registry.yarnpkg.com/vscode-jsonrpc/-/vscode-jsonrpc-4.0.0.tgz#a7bf74ef3254d0a0c272fab15c82128e378b3be9"
  integrity sha512-perEnXQdQOJMTDFNv+UF3h1Y0z4iSiaN9jIlb0OqIYgosPCZGYh/MCUlkFtV2668PL69lRDO32hmvL2yiidUYg==

vscode-languageclient@^5.2.1:
  version "5.2.1"
  resolved "https://registry.yarnpkg.com/vscode-languageclient/-/vscode-languageclient-5.2.1.tgz#7cfc83a294c409f58cfa2b910a8cfeaad0397193"
  integrity sha512-7jrS/9WnV0ruqPamN1nE7qCxn0phkH5LjSgSp9h6qoJGoeAKzwKz/PF6M+iGA/aklx4GLZg1prddhEPQtuXI1Q==
  dependencies:
    semver "^5.5.0"
    vscode-languageserver-protocol "3.14.1"

vscode-languageserver-protocol@3.14.1:
  version "3.14.1"
  resolved "https://registry.yarnpkg.com/vscode-languageserver-protocol/-/vscode-languageserver-protocol-3.14.1.tgz#b8aab6afae2849c84a8983d39a1cf742417afe2f"
  integrity sha512-IL66BLb2g20uIKog5Y2dQ0IiigW0XKrvmWiOvc0yXw80z3tMEzEnHjaGAb3ENuU7MnQqgnYJ1Cl2l9RvNgDi4g==
  dependencies:
    vscode-jsonrpc "^4.0.0"
    vscode-languageserver-types "3.14.0"

vscode-languageserver-types@3.14.0:
  version "3.14.0"
  resolved "https://registry.yarnpkg.com/vscode-languageserver-types/-/vscode-languageserver-types-3.14.0.tgz#d3b5952246d30e5241592b6dde8280e03942e743"
  integrity sha512-lTmS6AlAlMHOvPQemVwo3CezxBp0sNB95KNPkqp3Nxd5VFEnuG1ByM0zlRWos0zjO3ZWtkvhal0COgiV1xIA4A==
