# THIS IS AN AUTOGENERATED FILE. DO NOT EDIT THIS FILE DIRECTLY.
# yarn lockfile v1


"@types/node@^10.1.0":
  version "10.14.7"
  resolved "https://registry.yarnpkg.com/@types/node/-/node-10.14.7.tgz#1854f0a9aa8d2cd6818d607b3d091346c6730362"
  integrity sha512-on4MmIDgHXiuJDELPk1NFaKVUxxCFr37tm8E9yN6rAiF5Pzp/9bBfBHkoexqRiY+hk/Z04EJU9kKEb59YqJ82A==

"@types/vscode@1.38.0":
  version "1.38.0"
  resolved "https://registry.yarnpkg.com/@types/vscode/-/vscode-1.38.0.tgz#1e53953406ef662354e2e62451c3c71c9ff19a6d"
  integrity sha512-aGo8LQ4J1YF0T9ORuCO+bhQ5sGR1MXa7VOyOdEP685se3wyQWYUExcdiDi6rvaK61KUwfzzA19JRLDrUbDl7BQ==

buffer-from@^1.0.0:
  version "1.1.1"
  resolved "https://registry.yarnpkg.com/buffer-from/-/buffer-from-1.1.1.tgz#32713bc028f75c02fdb710d7c7bcec1f2c6070ef"
  integrity sha512-MQcXEUbCKtEo7bhqEs6560Hyd4XaovZlO/k9V3hjVUF/zwW7KBVdSK4gIt/bzwS9MbR5qob+F5jusZsb0YQK2A==

source-map-support@^0.5.13:
  version "0.5.13"
  resolved "https://registry.yarnpkg.com/source-map-support/-/source-map-support-0.5.13.tgz#31b24a9c2e73c2de85066c0feb7d44767ed52932"
  integrity sha512-SHSKFHadjVA5oR4PPqhtAVdcBWwRYVd6g6cAXnIbRiIwc2EhPrTuKUBdSLvlEKyIP3GCf89fltvcZiP9MMFA1w==
  dependencies:
    buffer-from "^1.0.0"
    source-map "^0.6.0"

source-map@^0.6.0:
  version "0.6.1"
  resolved "https://registry.yarnpkg.com/source-map/-/source-map-0.6.1.tgz#74722af32e9614e9c287a8d0bbde48b5e2f1a263"
  integrity sha512-UjgapumWlbMhkBgzT7Ykc5YXUT46F0iKu8SGXq0bcwP5dz/h0Plj6enJqjz1Zbq2l5WaqYnrVbwWOWMyF3F47g==

typescript@^3.7.0-beta:
  version "3.7.0-beta"
  resolved "https://registry.yarnpkg.com/typescript/-/typescript-3.7.0-beta.tgz#4ad556e0eee14b90ecc39261001690e16e5eeba9"
  integrity sha512-4jyCX+IQamrPJxgkABPq9xf+hUN+GWHVxoj+oey1TadCPa4snQl1RKwUba+1dyzYCamwlCxKvZQ3TjyWLhMGBA==
